
Microsoft Visual Studio Solution File, Format Version 10.00
# Visual Studio 2008
Project("aMaze") = "aMaze", "aMaze.vcproj", "{F4B6A1B9-6981-4BE9-8443-147F20118BE4}"
EndProject
Global
	GlobalSection(SolutionConfigurationPlatforms) = preSolution
		Debug|Win32 = Debug|Win32
		Release|Win32 = Release|Win32
	EndGlobalSection
	GlobalSection(ProjectConfigurationPlatforms) = postSolution
		{F4B6A1B9-6981-4BE9-8443-147F20118BE4}.Debug|Win32.ActiveCfg = Debug|Win32
		{F4B6A1B9-6981-4BE9-8443-147F20118BE4}.Debug|Win32.Build.0 = Debug|Win32
		{F4B6A1B9-6981-4BE9-8443-147F20118BE4}.Release|Win32.ActiveCfg = Release|Win32
		{F4B6A1B9-6981-4BE9-8443-147F20118BE4}.Release|Win32.Build.0 = Release|Win32
	EndGlobalSection
	GlobalSection(SolutionProperties) = preSolution
		HideSolutionNode = FALSE
	EndGlobalSection
EndGlobal
